
Microsoft Visual Studio Solution File, Format Version 12.00
# Visual Studio 15
VisualStudioVersion = 15.0.26124.0
MinimumVisualStudioVersion = 15.0.26124.0
Project("{2150E333-8FDC-42A3-9474-1A3956D46DE8}") = "Common", "Common", "{23FCD03B-C58C-440A-8BD6-6A6562C88434}"
EndProject
Project("{2150E333-8FDC-42A3-9474-1A3956D46DE8}") = "Read", "Read", "{D0C70530-B80E-4221-AC40-CB53311F9991}"
EndProject
Project("{FAE04EC0-301F-11D3-BF4B-00C04F79EFBC}") = "Data.Read", "Read\Data.Read\Data.Read.csproj", "{AFEF3BC2-9BE9-4C17-B9B9-1FDD1C76D9F2}"
EndProject
Project("{2150E333-8FDC-42A3-9474-1A3956D46DE8}") = "Write", "Write", "{2D9B29D5-0B9A-414D-ADCB-D7A5E7ABA526}"
EndProject
Project("{FAE04EC0-301F-11D3-BF4B-00C04F79EFBC}") = "Application", "Write\Application\Application.csproj", "{10B5A306-5CA7-449B-B2F8-C9769CC7656E}"
EndProject
Project("{FAE04EC0-301F-11D3-BF4B-00C04F79EFBC}") = "Domain", "Write\Domain\Domain.csproj", "{6F8D6A39-B482-4285-B4A7-93BE99EA5F46}"
EndProject
Project("{FAE04EC0-301F-11D3-BF4B-00C04F79EFBC}") = "Data", "Write\Data.Write\Data.Write.csproj", "{08F523D6-2DF3-4866-AC62-D20354AE1782}"
EndProject
Project("{FAE04EC0-301F-11D3-BF4B-00C04F79EFBC}") = "Tests.Integration", "Common\Tests.Integration\Tests.Integration.csproj", "{6B682BBD-C1EA-44ED-BC41-58BA7E2C7F9E}"
EndProject
Project("{FAE04EC0-301F-11D3-BF4B-00C04F79EFBC}") = "Tests.Unit", "Common\Tests.Unit\Tests.Unit.csproj", "{EC889559-5669-4A10-B8A4-BFA49AF94636}"
EndProject
Project("{FAE04EC0-301F-11D3-BF4B-00C04F79EFBC}") = "WebApiV3", "Common\WebApiV3\WebApiV3.csproj", "{592B34E4-AE34-4768-9634-F071BBF8BEA5}"
EndProject
Global
	GlobalSection(SolutionConfigurationPlatforms) = preSolution
		Debug|Any CPU = Debug|Any CPU
		Debug|x64 = Debug|x64
		Debug|x86 = Debug|x86
		Release|Any CPU = Release|Any CPU
		Release|x64 = Release|x64
		Release|x86 = Release|x86
	EndGlobalSection
	GlobalSection(SolutionProperties) = preSolution
		HideSolutionNode = FALSE
	EndGlobalSection
	GlobalSection(ProjectConfigurationPlatforms) = postSolution
		{AFEF3BC2-9BE9-4C17-B9B9-1FDD1C76D9F2}.Debug|Any CPU.ActiveCfg = Debug|Any CPU
		{AFEF3BC2-9BE9-4C17-B9B9-1FDD1C76D9F2}.Debug|Any CPU.Build.0 = Debug|Any CPU
		{AFEF3BC2-9BE9-4C17-B9B9-1FDD1C76D9F2}.Debug|x64.ActiveCfg = Debug|Any CPU
		{AFEF3BC2-9BE9-4C17-B9B9-1FDD1C76D9F2}.Debug|x64.Build.0 = Debug|Any CPU
		{AFEF3BC2-9BE9-4C17-B9B9-1FDD1C76D9F2}.Debug|x86.ActiveCfg = Debug|Any CPU
		{AFEF3BC2-9BE9-4C17-B9B9-1FDD1C76D9F2}.Debug|x86.Build.0 = Debug|Any CPU
		{AFEF3BC2-9BE9-4C17-B9B9-1FDD1C76D9F2}.Release|Any CPU.ActiveCfg = Release|Any CPU
		{AFEF3BC2-9BE9-4C17-B9B9-1FDD1C76D9F2}.Release|Any CPU.Build.0 = Release|Any CPU
		{AFEF3BC2-9BE9-4C17-B9B9-1FDD1C76D9F2}.Release|x64.ActiveCfg = Release|Any CPU
		{AFEF3BC2-9BE9-4C17-B9B9-1FDD1C76D9F2}.Release|x64.Build.0 = Release|Any CPU
		{AFEF3BC2-9BE9-4C17-B9B9-1FDD1C76D9F2}.Release|x86.ActiveCfg = Release|Any CPU
		{AFEF3BC2-9BE9-4C17-B9B9-1FDD1C76D9F2}.Release|x86.Build.0 = Release|Any CPU
		{10B5A306-5CA7-449B-B2F8-C9769CC7656E}.Debug|Any CPU.ActiveCfg = Debug|Any CPU
		{10B5A306-5CA7-449B-B2F8-C9769CC7656E}.Debug|Any CPU.Build.0 = Debug|Any CPU
		{10B5A306-5CA7-449B-B2F8-C9769CC7656E}.Debug|x64.ActiveCfg = Debug|Any CPU
		{10B5A306-5CA7-449B-B2F8-C9769CC7656E}.Debug|x64.Build.0 = Debug|Any CPU
		{10B5A306-5CA7-449B-B2F8-C9769CC7656E}.Debug|x86.ActiveCfg = Debug|Any CPU
		{10B5A306-5CA7-449B-B2F8-C9769CC7656E}.Debug|x86.Build.0 = Debug|Any CPU
		{10B5A306-5CA7-449B-B2F8-C9769CC7656E}.Release|Any CPU.ActiveCfg = Release|Any CPU
		{10B5A306-5CA7-449B-B2F8-C9769CC7656E}.Release|Any CPU.Build.0 = Release|Any CPU
		{10B5A306-5CA7-449B-B2F8-C9769CC7656E}.Release|x64.ActiveCfg = Release|Any CPU
		{10B5A306-5CA7-449B-B2F8-C9769CC7656E}.Release|x64.Build.0 = Release|Any CPU
		{10B5A306-5CA7-449B-B2F8-C9769CC7656E}.Release|x86.ActiveCfg = Release|Any CPU
		{10B5A306-5CA7-449B-B2F8-C9769CC7656E}.Release|x86.Build.0 = Release|Any CPU
		{6F8D6A39-B482-4285-B4A7-93BE99EA5F46}.Debug|Any CPU.ActiveCfg = Debug|Any CPU
		{6F8D6A39-B482-4285-B4A7-93BE99EA5F46}.Debug|Any CPU.Build.0 = Debug|Any CPU
		{6F8D6A39-B482-4285-B4A7-93BE99EA5F46}.Debug|x64.ActiveCfg = Debug|Any CPU
		{6F8D6A39-B482-4285-B4A7-93BE99EA5F46}.Debug|x64.Build.0 = Debug|Any CPU
		{6F8D6A39-B482-4285-B4A7-93BE99EA5F46}.Debug|x86.ActiveCfg = Debug|Any CPU
		{6F8D6A39-B482-4285-B4A7-93BE99EA5F46}.Debug|x86.Build.0 = Debug|Any CPU
		{6F8D6A39-B482-4285-B4A7-93BE99EA5F46}.Release|Any CPU.ActiveCfg = Release|Any CPU
		{6F8D6A39-B482-4285-B4A7-93BE99EA5F46}.Release|Any CPU.Build.0 = Release|Any CPU
		{6F8D6A39-B482-4285-B4A7-93BE99EA5F46}.Release|x64.ActiveCfg = Release|Any CPU
		{6F8D6A39-B482-4285-B4A7-93BE99EA5F46}.Release|x64.Build.0 = Release|Any CPU
		{6F8D6A39-B482-4285-B4A7-93BE99EA5F46}.Release|x86.ActiveCfg = Release|Any CPU
		{6F8D6A39-B482-4285-B4A7-93BE99EA5F46}.Release|x86.Build.0 = Release|Any CPU
		{08F523D6-2DF3-4866-AC62-D20354AE1782}.Debug|Any CPU.ActiveCfg = Debug|Any CPU
		{08F523D6-2DF3-4866-AC62-D20354AE1782}.Debug|Any CPU.Build.0 = Debug|Any CPU
		{08F523D6-2DF3-4866-AC62-D20354AE1782}.Debug|x64.ActiveCfg = Debug|Any CPU
		{08F523D6-2DF3-4866-AC62-D20354AE1782}.Debug|x64.Build.0 = Debug|Any CPU
		{08F523D6-2DF3-4866-AC62-D20354AE1782}.Debug|x86.ActiveCfg = Debug|Any CPU
		{08F523D6-2DF3-4866-AC62-D20354AE1782}.Debug|x86.Build.0 = Debug|Any CPU
		{08F523D6-2DF3-4866-AC62-D20354AE1782}.Release|Any CPU.ActiveCfg = Release|Any CPU
		{08F523D6-2DF3-4866-AC62-D20354AE1782}.Release|Any CPU.Build.0 = Release|Any CPU
		{08F523D6-2DF3-4866-AC62-D20354AE1782}.Release|x64.ActiveCfg = Release|Any CPU
		{08F523D6-2DF3-4866-AC62-D20354AE1782}.Release|x64.Build.0 = Release|Any CPU
		{08F523D6-2DF3-4866-AC62-D20354AE1782}.Release|x86.ActiveCfg = Release|Any CPU
		{08F523D6-2DF3-4866-AC62-D20354AE1782}.Release|x86.Build.0 = Release|Any CPU
		{6B682BBD-C1EA-44ED-BC41-58BA7E2C7F9E}.Debug|Any CPU.ActiveCfg = Debug|Any CPU
		{6B682BBD-C1EA-44ED-BC41-58BA7E2C7F9E}.Debug|Any CPU.Build.0 = Debug|Any CPU
		{6B682BBD-C1EA-44ED-BC41-58BA7E2C7F9E}.Debug|x64.ActiveCfg = Debug|Any CPU
		{6B682BBD-C1EA-44ED-BC41-58BA7E2C7F9E}.Debug|x64.Build.0 = Debug|Any CPU
		{6B682BBD-C1EA-44ED-BC41-58BA7E2C7F9E}.Debug|x86.ActiveCfg = Debug|Any CPU
		{6B682BBD-C1EA-44ED-BC41-58BA7E2C7F9E}.Debug|x86.Build.0 = Debug|Any CPU
		{6B682BBD-C1EA-44ED-BC41-58BA7E2C7F9E}.Release|Any CPU.ActiveCfg = Release|Any CPU
		{6B682BBD-C1EA-44ED-BC41-58BA7E2C7F9E}.Release|Any CPU.Build.0 = Release|Any CPU
		{6B682BBD-C1EA-44ED-BC41-58BA7E2C7F9E}.Release|x64.ActiveCfg = Release|Any CPU
		{6B682BBD-C1EA-44ED-BC41-58BA7E2C7F9E}.Release|x64.Build.0 = Release|Any CPU
		{6B682BBD-C1EA-44ED-BC41-58BA7E2C7F9E}.Release|x86.ActiveCfg = Release|Any CPU
		{6B682BBD-C1EA-44ED-BC41-58BA7E2C7F9E}.Release|x86.Build.0 = Release|Any CPU
		{EC889559-5669-4A10-B8A4-BFA49AF94636}.Debug|Any CPU.ActiveCfg = Debug|Any CPU
		{EC889559-5669-4A10-B8A4-BFA49AF94636}.Debug|Any CPU.Build.0 = Debug|Any CPU
		{EC889559-5669-4A10-B8A4-BFA49AF94636}.Debug|x64.ActiveCfg = Debug|Any CPU
		{EC889559-5669-4A10-B8A4-BFA49AF94636}.Debug|x64.Build.0 = Debug|Any CPU
		{EC889559-5669-4A10-B8A4-BFA49AF94636}.Debug|x86.ActiveCfg = Debug|Any CPU
		{EC889559-5669-4A10-B8A4-BFA49AF94636}.Debug|x86.Build.0 = Debug|Any CPU
		{EC889559-5669-4A10-B8A4-BFA49AF94636}.Release|Any CPU.ActiveCfg = Release|Any CPU
		{EC889559-5669-4A10-B8A4-BFA49AF94636}.Release|Any CPU.Build.0 = Release|Any CPU
		{EC889559-5669-4A10-B8A4-BFA49AF94636}.Release|x64.ActiveCfg = Release|Any CPU
		{EC889559-5669-4A10-B8A4-BFA49AF94636}.Release|x64.Build.0 = Release|Any CPU
		{EC889559-5669-4A10-B8A4-BFA49AF94636}.Release|x86.ActiveCfg = Release|Any CPU
		{EC889559-5669-4A10-B8A4-BFA49AF94636}.Release|x86.Build.0 = Release|Any CPU
		{592B34E4-AE34-4768-9634-F071BBF8BEA5}.Debug|Any CPU.ActiveCfg = Debug|Any CPU
		{592B34E4-AE34-4768-9634-F071BBF8BEA5}.Debug|Any CPU.Build.0 = Debug|Any CPU
		{592B34E4-AE34-4768-9634-F071BBF8BEA5}.Debug|x64.ActiveCfg = Debug|Any CPU
		{592B34E4-AE34-4768-9634-F071BBF8BEA5}.Debug|x64.Build.0 = Debug|Any CPU
		{592B34E4-AE34-4768-9634-F071BBF8BEA5}.Debug|x86.ActiveCfg = Debug|Any CPU
		{592B34E4-AE34-4768-9634-F071BBF8BEA5}.Debug|x86.Build.0 = Debug|Any CPU
		{592B34E4-AE34-4768-9634-F071BBF8BEA5}.Release|Any CPU.ActiveCfg = Release|Any CPU
		{592B34E4-AE34-4768-9634-F071BBF8BEA5}.Release|Any CPU.Build.0 = Release|Any CPU
		{592B34E4-AE34-4768-9634-F071BBF8BEA5}.Release|x64.ActiveCfg = Release|Any CPU
		{592B34E4-AE34-4768-9634-F071BBF8BEA5}.Release|x64.Build.0 = Release|Any CPU
		{592B34E4-AE34-4768-9634-F071BBF8BEA5}.Release|x86.ActiveCfg = Release|Any CPU
		{592B34E4-AE34-4768-9634-F071BBF8BEA5}.Release|x86.Build.0 = Release|Any CPU
	EndGlobalSection
	GlobalSection(NestedProjects) = preSolution
		{AFEF3BC2-9BE9-4C17-B9B9-1FDD1C76D9F2} = {D0C70530-B80E-4221-AC40-CB53311F9991}
		{10B5A306-5CA7-449B-B2F8-C9769CC7656E} = {2D9B29D5-0B9A-414D-ADCB-D7A5E7ABA526}
		{6F8D6A39-B482-4285-B4A7-93BE99EA5F46} = {2D9B29D5-0B9A-414D-ADCB-D7A5E7ABA526}
		{08F523D6-2DF3-4866-AC62-D20354AE1782} = {2D9B29D5-0B9A-414D-ADCB-D7A5E7ABA526}
		{6B682BBD-C1EA-44ED-BC41-58BA7E2C7F9E} = {23FCD03B-C58C-440A-8BD6-6A6562C88434}
		{EC889559-5669-4A10-B8A4-BFA49AF94636} = {23FCD03B-C58C-440A-8BD6-6A6562C88434}
		{592B34E4-AE34-4768-9634-F071BBF8BEA5} = {23FCD03B-C58C-440A-8BD6-6A6562C88434}
	EndGlobalSection
EndGlobal
